
Microsoft Visual Studio Solution File, Format Version 12.00
# Visual Studio Version 17
VisualStudioVersion = 17.13.35825.156 d17.13
MinimumVisualStudioVersion = 10.0.40219.1
Project("{FAE04EC0-301F-11D3-BF4B-00C04F79EFBC}") = "testing", "testing.csproj", "{0F4B34CC-EAB4-4360-BC93-2ED3BD0850B8}"
EndProject
Project("{FAE04EC0-301F-11D3-BF4B-00C04F79EFBC}") = "testingTest", "..\testingTest\testingTest.csproj", "{DE7B12CE-6DF5-4EEE-B75D-BCD4074C4FC8}"
EndProject
Global
	GlobalSection(SolutionConfigurationPlatforms) = preSolution
		Debug|Any CPU = Debug|Any CPU
		Release|Any CPU = Release|Any CPU
	EndGlobalSection
	GlobalSection(ProjectConfigurationPlatforms) = postSolution
		{0F4B34CC-EAB4-4360-BC93-2ED3BD0850B8}.Debug|Any CPU.ActiveCfg = Debug|Any CPU
		{0F4B34CC-EAB4-4360-BC93-2ED3BD0850B8}.Debug|Any CPU.Build.0 = Debug|Any CPU
		{0F4B34CC-EAB4-4360-BC93-2ED3BD0850B8}.Release|Any CPU.ActiveCfg = Release|Any CPU
		{0F4B34CC-EAB4-4360-BC93-2ED3BD0850B8}.Release|Any CPU.Build.0 = Release|Any CPU
		{DE7B12CE-6DF5-4EEE-B75D-BCD4074C4FC8}.Debug|Any CPU.ActiveCfg = Debug|Any CPU
		{DE7B12CE-6DF5-4EEE-B75D-BCD4074C4FC8}.Debug|Any CPU.Build.0 = Debug|Any CPU
		{DE7B12CE-6DF5-4EEE-B75D-BCD4074C4FC8}.Release|Any CPU.ActiveCfg = Release|Any CPU
		{DE7B12CE-6DF5-4EEE-B75D-BCD4074C4FC8}.Release|Any CPU.Build.0 = Release|Any CPU
	EndGlobalSection
	GlobalSection(SolutionProperties) = preSolution
		HideSolutionNode = FALSE
	EndGlobalSection
	GlobalSection(ExtensibilityGlobals) = postSolution
		SolutionGuid = {4DD14693-3715-48FF-A03B-5841B871C620}
	EndGlobalSection
EndGlobal
