
Microsoft Visual Studio Solution File, Format Version 12.00
# Visual Studio Version 17
VisualStudioVersion = 17.13.35825.156 d17.13
MinimumVisualStudioVersion = 10.0.40219.1
Project("{FAE04EC0-301F-11D3-BF4B-00C04F79EFBC}") = "MobileApp", "MobileApp.csproj", "{7A27A9B8-2916-4CCE-AD7E-0C8EC9437687}"
EndProject
Global
	GlobalSection(SolutionConfigurationPlatforms) = preSolution
		Debug|Any CPU = Debug|Any CPU
		Release|Any CPU = Release|Any CPU
	EndGlobalSection
	GlobalSection(ProjectConfigurationPlatforms) = postSolution
		{7A27A9B8-2916-4CCE-AD7E-0C8EC9437687}.Debug|Any CPU.ActiveCfg = Debug|Any CPU
		{7A27A9B8-2916-4CCE-AD7E-0C8EC9437687}.Debug|Any CPU.Build.0 = Debug|Any CPU
		{7A27A9B8-2916-4CCE-AD7E-0C8EC9437687}.Release|Any CPU.ActiveCfg = Release|Any CPU
		{7A27A9B8-2916-4CCE-AD7E-0C8EC9437687}.Release|Any CPU.Build.0 = Release|Any CPU
	EndGlobalSection
	GlobalSection(SolutionProperties) = preSolution
		HideSolutionNode = FALSE
	EndGlobalSection
	GlobalSection(ExtensibilityGlobals) = postSolution
		SolutionGuid = {E4FC27E5-D856-4276-9604-04367E8E8C74}
	EndGlobalSection
EndGlobal
